# stackgen lockfile — every path stackgen landed in this repo, per component.
# Paths NOT listed here are the repo's own; sync and removal never touch them.
materialized: "2026-10-05"
bundles:
  typescript-effect-cli:
    template: .claude/stackgen/templates/typescript-effect-cli.md
    components:
      - language/typescript@0.3.1
      - package-manager/pnpm@0.6.1
      - toolchain-gate/tsconfig@0.2.2
      - toolchain-gate/eslint@0.3.4
      - framework/effect@0.1.0
  github-actions:
    template: .claude/stackgen/templates/github-actions.md
    components:
      - ci-system/github-actions@0.2.1
  cloudflare-workers-static:
    template: .claude/stackgen/templates/cloudflare-workers-static.md
    components:
      - cloud-provider/cloudflare@0.1.0
      - cloud-service/workers-static-assets@0.1.3
  claude-code:
    template: .claude/stackgen/templates/claude-code.md
    components:
      - design-tool/claude-code@0.4.0
files:
  - path: .claude/skills/typescript/SKILL.md
    component: language/typescript@0.3.1
    source: language/typescript/skills/typescript/SKILL.md
    sha256: 992cead9b1c9b4225485f15a1da2a7dfa8efddd14729de1ae8e413f47ee75931
    mode: "644"
  - path: .claude/skills/typescript/references/async-model.md
    component: language/typescript@0.3.1
    source: language/typescript/skills/typescript/references/async-model.md
    sha256: 190a72ba06bb5158505e23389b5db8369097b9d5f912031801bdd0d9e9d48460
    mode: "644"
  - path: .claude/skills/typescript/references/build-and-run.md
    component: language/typescript@0.3.1
    source: language/typescript/skills/typescript/references/build-and-run.md
    sha256: 6ca0ff2e9388eef82193b65139bd283c38b87c6767d0492d9464e5f22faed9fb
    mode: "644"
  - path: .claude/skills/typescript/references/config-and-env.md
    component: language/typescript@0.3.1
    source: language/typescript/skills/typescript/references/config-and-env.md
    sha256: ed737fa1a20877b2234c7d2ef729c2237b02bed4c115faf4259ecbdb344a6462
    mode: "644"
  - path: .claude/skills/typescript/references/error-handling.md
    component: language/typescript@0.3.1
    source: language/typescript/skills/typescript/references/error-handling.md
    sha256: d3e89613689266769faa704ffc41e0f80ea0b578480ce06267411f5538947d76
    mode: "644"
  - path: .claude/skills/typescript/references/observability-wiring.md
    component: language/typescript@0.3.1
    source: language/typescript/skills/typescript/references/observability-wiring.md
    sha256: 5e57a1368bc1adb54a938426a2d7888e64e8520f2d055c8f890917365ce1a54c
    mode: "644"
  - path: .claude/skills/typescript/references/standards.md
    component: language/typescript@0.3.1
    source: language/typescript/skills/typescript/references/standards.md
    sha256: 9acee137906cb60a6e8ff228a8acfbbcc5f9e6fbde46adbef229d4c831240541
    mode: "644"
  - path: .claude/skills/typescript/references/testing.md
    component: language/typescript@0.3.1
    source: language/typescript/skills/typescript/references/testing.md
    sha256: 604444c456588032950bea3438e0500e6f5c920a0b69468c01911848dd37132c
    mode: "644"
  - path: .claude/skills/ux-gate/SKILL.md
    component: language/typescript@0.3.1
    source: language/typescript/skills/ux-gate/SKILL.md
    sha256: b37501a9e55c9e6e69ae23535e05bc088bf5b270417d22679ac316343b7e0692
    mode: "644"
  - path: .claude/skills/pnpm/SKILL.md
    component: package-manager/pnpm@0.6.1
    source: package-manager/pnpm/skills/pnpm/SKILL.md
    sha256: 5ccd7ccc6820291a394bed1fadbe3bdbb20d8299d7ef778d7c8d9a4e6b30535e
    mode: "644"
  - path: .claude/skills/pnpm/references/manifest-discipline.md
    component: package-manager/pnpm@0.6.1
    source: package-manager/pnpm/skills/pnpm/references/manifest-discipline.md
    sha256: 868a7015519f839ccd1a6ce64444ac9c41d147364e0a7b87db6f9a1c05a2da33
    mode: "644"
  - path: .claude/skills/pnpm/references/supply-chain.md
    component: package-manager/pnpm@0.6.1
    source: package-manager/pnpm/skills/pnpm/references/supply-chain.md
    sha256: 3e19e8e9fa41a8db310a892937b0f184c290c1d5ef636c57e6b7221972d57ab5
    mode: "644"
  - path: .claude/skills/pnpm/references/workspace.md
    component: package-manager/pnpm@0.6.1
    source: package-manager/pnpm/skills/pnpm/references/workspace.md
    sha256: 7309ba369dade362e86210d659163531e0a6d6592301d257b112b9fb40ab961f
    mode: "644"
  - path: .claude/hooks/npm-normalize.sh
    component: package-manager/pnpm@0.6.1
    source: package-manager/pnpm/hooks/npm-normalize.sh
    sha256: 21f8f68b743c1ec1e56185d6d106d807e8f88806b52876922205ac37f737cfd1
    mode: "755"
  - path: .claude/skills/tsconfig/SKILL.md
    component: toolchain-gate/tsconfig@0.2.2
    source: toolchain-gate/tsconfig/skills/tsconfig/SKILL.md
    sha256: be4d75a883d802876d3035d7f49ac1a05ade5acba27a536fcfafacda06703de4
    mode: "644"
  - path: .claude/skills/eslint/SKILL.md
    component: toolchain-gate/eslint@0.3.4
    source: toolchain-gate/eslint/skills/eslint/SKILL.md
    sha256: 0eced990ea4afd54fc3843100ce68f9465442b392f0122ad7cee82c14d7d673b
    mode: "644"
  - path: .claude/skills/effect/SKILL.md
    component: framework/effect@0.1.0
    source: framework/effect/skills/effect/SKILL.md
    sha256: 1b777c041d30e2fe5cf6c6bb2b97c96ac6b4581ae8e521c357371919fbc93608
    mode: "644"
  - path: .claude/skills/effect/references/effect-runtime.md
    component: framework/effect@0.1.0
    source: framework/effect/skills/effect/references/effect-runtime.md
    sha256: 1ca5e846a961c26c485522b37f6fc27848d9de31edbefe190b6c6557472791bc
    mode: "644"
  - path: .claude/skills/effect/references/effect.md
    component: framework/effect@0.1.0
    source: framework/effect/skills/effect/references/effect.md
    sha256: 7988146dfd5c97f5bee1820def766687570c60c24668b24c03a9265828225a94
    mode: "644"
  - path: .claude/skills/effect/references/testing.md
    component: framework/effect@0.1.0
    source: framework/effect/skills/effect/references/testing.md
    sha256: c3156806f7594ea5b1d78d5c3a565cf230957e79de4c064d40373a63d81b02a6
    mode: "644"
  - path: .claude/skills/github-actions/SKILL.md
    component: ci-system/github-actions@0.2.1
    source: ci-system/github-actions/skills/github-actions/SKILL.md
    sha256: 7117cf44ad9f9984d91bb90048f024b0993514362ac95b2827ce337a59a07f48
    mode: "644"
  - path: .claude/skills/github-actions/references/credentials.md
    component: ci-system/github-actions@0.2.1
    source: ci-system/github-actions/skills/github-actions/references/credentials.md
    sha256: 580970e89b318466f7c4db03b160b794453d714337d557093e5b76adf64ea108
    mode: "644"
  - path: .claude/skills/github-actions/references/gates.md
    component: ci-system/github-actions@0.2.1
    source: ci-system/github-actions/skills/github-actions/references/gates.md
    sha256: e8ef3d52d59465c0da64f01c47ba548ba50d8497b3c7f86560c94e5de9d532db
    mode: "644"
  - path: .claude/skills/github-actions/references/layout.md
    component: ci-system/github-actions@0.2.1
    source: ci-system/github-actions/skills/github-actions/references/layout.md
    sha256: c3b541f6800d5e09a9b2b07f36166ed3b424e050f6503bf92e95331e819fed76
    mode: "644"
  - path: .claude/skills/github-actions/references/pinning-caching.md
    component: ci-system/github-actions@0.2.1
    source: ci-system/github-actions/skills/github-actions/references/pinning-caching.md
    sha256: 691fcc267fa20ac547d78b2b9db99b81bc30cc6fe3c780ed5dc951c64cad4e8a
    mode: "644"
  - path: .claude/skills/github-actions/references/release.md
    component: ci-system/github-actions@0.2.1
    source: ci-system/github-actions/skills/github-actions/references/release.md
    sha256: c2ccfa9f3de50adc9c16c74f6e04b2d2ef5523c75dc357127d9d79f61f433942
    mode: "644"
  - path: .claude/skills/github-actions/references/toolchain.md
    component: ci-system/github-actions@0.2.1
    source: ci-system/github-actions/skills/github-actions/references/toolchain.md
    sha256: 2edad186daf1b460eb6539f52bd74e1e0586c0b53736f0c18307548a692b869b
    mode: "644"
  - path: .claude/skills/cloudflare/SKILL.md
    component: cloud-provider/cloudflare@0.1.0
    source: cloud-provider/cloudflare/skills/cloudflare/SKILL.md
    sha256: 8d6161e22fed021d576bb48ee88562f0e9c1e9e36be2cf99c1f21e8706858d89
    mode: "644"
  - path: .claude/skills/cloudflare/references/cost-doctrine.md
    component: cloud-provider/cloudflare@0.1.0
    source: cloud-provider/cloudflare/skills/cloudflare/references/cost-doctrine.md
    sha256: f08b92e93b9357ea6bebafdeece45c47cb199eef0da3b2b867d37475a12b0609
    mode: "644"
  - path: .claude/skills/cloudflare/references/identity-and-iam.md
    component: cloud-provider/cloudflare@0.1.0
    source: cloud-provider/cloudflare/skills/cloudflare/references/identity-and-iam.md
    sha256: b80ec5d4fcba122ffb5a048786c0b6fef1ab817b3a127f951be0ff29cddcb415
    mode: "644"
  - path: .claude/skills/cloudflare/references/local-development-map.md
    component: cloud-provider/cloudflare@0.1.0
    source: cloud-provider/cloudflare/skills/cloudflare/references/local-development-map.md
    sha256: 6fb6104e0c8a10411eed80e02290d665acafc8933d04a9b50ecd7acce53c3604
    mode: "644"
  - path: .claude/skills/cloudflare/references/networking-and-private-plane.md
    component: cloud-provider/cloudflare@0.1.0
    source: cloud-provider/cloudflare/skills/cloudflare/references/networking-and-private-plane.md
    sha256: 7d847ad86e6a86a1e2980dd5a8c873988b4b93e9bf70a6e912242f3c1a36beea
    mode: "644"
  - path: .claude/skills/workers-static-assets/SKILL.md
    component: cloud-service/workers-static-assets@0.1.3
    source: cloud-service/workers-static-assets/skills/workers-static-assets/SKILL.md
    sha256: a601e12971a2da9daec7021673a4f78cf5927fc1cb7e9414d36d33b88d69f5a2
    mode: "644"
  - path: .claude/skills/workers-static-assets/references/artifact.md
    component: cloud-service/workers-static-assets@0.1.3
    source: cloud-service/workers-static-assets/skills/workers-static-assets/references/artifact.md
    sha256: 68867e3c8749f8cb0029b337b41969dc79a723e2e2c56b25936c7d87da1bf7ce
    mode: "644"
  - path: .claude/skills/workers-static-assets/references/cost-shape.md
    component: cloud-service/workers-static-assets@0.1.3
    source: cloud-service/workers-static-assets/skills/workers-static-assets/references/cost-shape.md
    sha256: 90a1150f86ff87921a96be5c22618e24c1d3a803b7985ab67e77549774270a4b
    mode: "644"
  - path: .claude/skills/workers-static-assets/references/health.md
    component: cloud-service/workers-static-assets@0.1.3
    source: cloud-service/workers-static-assets/skills/workers-static-assets/references/health.md
    sha256: 0cf87cdb9040b3bc495930452ea944d2d233932e386e9a30e510b12a8d72b288
    mode: "644"
  - path: .claude/skills/workers-static-assets/references/identity-shape.md
    component: cloud-service/workers-static-assets@0.1.3
    source: cloud-service/workers-static-assets/skills/workers-static-assets/references/identity-shape.md
    sha256: 9d8e3de129f181e94256912af6dcbd973f6aec7010a32666ea94b2d3052ba658
    mode: "644"
  - path: .claude/skills/workers-static-assets/references/local-dev.md
    component: cloud-service/workers-static-assets@0.1.3
    source: cloud-service/workers-static-assets/skills/workers-static-assets/references/local-dev.md
    sha256: af1a8eefbeaa983f2d42b63d859ab3f2bd1ce7f4c368827a01b788ca8883701c
    mode: "644"
  - path: .claude/skills/workers-static-assets/references/pick-and-trade.md
    component: cloud-service/workers-static-assets@0.1.3
    source: cloud-service/workers-static-assets/skills/workers-static-assets/references/pick-and-trade.md
    sha256: f6b1a78bbd2845309fd391f0e7007e5b2e2d5a316cb22ef79a71d8edb6756585
    mode: "644"
  - path: .claude/skills/workers-static-assets/references/pipeline.md
    component: cloud-service/workers-static-assets@0.1.3
    source: cloud-service/workers-static-assets/skills/workers-static-assets/references/pipeline.md
    sha256: bc21c50829f0c099951a02219a1fe00154e2c0ae5f7781dbd6a04823d4ed07ed
    mode: "644"
  - path: .claude/skills/workers-static-assets/references/service-doctrine.md
    component: cloud-service/workers-static-assets@0.1.3
    source: cloud-service/workers-static-assets/skills/workers-static-assets/references/service-doctrine.md
    sha256: dac7a9649c04c309fe9187df409e46c52a2e52aa62c95e18e4587899f953c8fd
    mode: "644"
  - path: .claude/skills/design-import-conversations/SKILL.md
    component: design-tool/claude-code@0.4.0
    source: design-tool/claude-code/skills/design-import-conversations/SKILL.md
    sha256: 9d01d423c3ee8184651b8ab982893777be96e73ade52418643c4e6139a5d637e
    mode: "644"
  - path: .claude/skills/design-import-design-system/SKILL.md
    component: design-tool/claude-code@0.4.0
    source: design-tool/claude-code/skills/design-import-design-system/SKILL.md
    sha256: 4b63f28796ecc77f20a932cb53bb601eda8c499c5d4265b5a700086dceab487b
    mode: "644"
  - path: .claude/skills/design-import-screens/SKILL.md
    component: design-tool/claude-code@0.4.0
    source: design-tool/claude-code/skills/design-import-screens/SKILL.md
    sha256: 0ccc9535c25f24173c7cb186a9156df520eda50746d4075cf056ae9e1ad672eb
    mode: "644"
  - path: .claude/skills/design-session/SKILL.md
    component: design-tool/claude-code@0.4.0
    source: design-tool/claude-code/skills/design-session/SKILL.md
    sha256: 171e99ebb223c20527a31c1faeba2016b573c89befe6f30f802959824f225a07
    mode: "644"
  - path: .claude/skills/design-session/scripts/serve.mjs
    component: design-tool/claude-code@0.4.0
    source: design-tool/claude-code/skills/design-session/scripts/serve.mjs
    sha256: a7be6fe40fbd61406de8b0620987a1093b7a9807e958fd6707330a980692ebad
    mode: "755"
skipped: []
settings_keys: []
mcp_servers: []
local_plugin:
  path: ~/.claude/plugins/local/stackgen-lsp
  lsp_servers:
    - typescript-lsp
  mcp_servers: []
  registered: true
